// !$*UTF8*$!
{
	archiveVersion = 1;
	classes = {
	};
	objectVersion = 77;
	objects = {

/* Begin PBXBuildFile section */
		75C485382ED77F5900C51D65 /* FirebaseAuth in Frameworks */ = {isa = PBXBuildFile; productRef = 75C485372ED77F5900C51D65 /* FirebaseAuth */; };
		75C4853A2ED77F5900C51D65 /* FirebaseCore in Frameworks */ = {isa = PBXBuildFile; productRef = 75C485392ED77F5900C51D65 /* FirebaseCore */; };
		75C4853C2ED77F5900C51D65 /* FirebaseFirestore in Frameworks */ = {isa = PBXBuildFile; productRef = 75C4853B2ED77F5900C51D65 /* FirebaseFirestore */; };
		75C4853F2ED77FA800C51D65 /* GoogleSignIn in Frameworks */ = {isa = PBXBuildFile; productRef = 75C4853E2ED77FA800C51D65 /* GoogleSignIn */; };
		75C485422ED77FDF00C51D65 /* MessageKit in Frameworks */ = {isa = PBXBuildFile; productRef = 75C485412ED77FDF00C51D65 /* MessageKit */; };
		7E10B1702F9FDD0700E9FB48 /* FirebaseMessaging in Frameworks */ = {isa = PBXBuildFile; productRef = 7E10B16F2F9FDD0700E9FB48 /* FirebaseMessaging */; };
		7EEBB5192F232EA100FE86EC /* Stripe in Frameworks */ = {isa = PBXBuildFile; productRef = 7EEBB5182F232EA100FE86EC /* Stripe */; };
		7EEBB51B2F232EA100FE86EC /* StripePaymentSheet in Frameworks */ = {isa = PBXBuildFile; productRef = 7EEBB51A2F232EA100FE86EC /* StripePaymentSheet */; };
		7EEBB51D2F232EA100FE86EC /* StripePayments in Frameworks */ = {isa = PBXBuildFile; productRef = 7EEBB51C2F232EA100FE86EC /* StripePayments */; };
		8F10AA012F232EA100FE86EC /* StripeIdentity in Frameworks */ = {isa = PBXBuildFile; productRef = 8F10AA002F232EA100FE86EC /* StripeIdentity */; };
		A9F2E0042ED77F5900C51D02 /* FirebaseStorage in Frameworks */ = {isa = PBXBuildFile; productRef = A9F2E0032ED77F5900C51D02 /* FirebaseStorage */; };
		DD27F99E2FBAE187009D737E /* FirebaseCrashlytics in Frameworks */ = {isa = PBXBuildFile; productRef = DD27F99D2FBAE187009D737E /* FirebaseCrashlytics */; };
/* End PBXBuildFile section */

/* Begin PBXContainerItemProxy section */
		04FECFDD2E8F78DA00CB2A67 /* PBXContainerItemProxy */ = {
			isa = PBXContainerItemProxy;
			containerPortal = 04FECFC62E8F78D800CB2A67 /* Project object */;
			proxyType = 1;
			remoteGlobalIDString = 04FECFCD2E8F78D800CB2A67;
			remoteInfo = Communally;
		};
		04FECFE72E8F78DA00CB2A67 /* PBXContainerItemProxy */ = {
			isa = PBXContainerItemProxy;
			containerPortal = 04FECFC62E8F78D800CB2A67 /* Project object */;
			proxyType = 1;
			remoteGlobalIDString = 04FECFCD2E8F78D800CB2A67;
			remoteInfo = Communally;
		};
/* End PBXContainerItemProxy section */

/* Begin PBXFileReference section */
		04FECFCE2E8F78D800CB2A67 /* Communally.app */ = {isa = PBXFileReference; explicitFileType = wrapper.application; includeInIndex = 0; path = Communally.app; sourceTree = BUILT_PRODUCTS_DIR; };
		04FECFDC2E8F78DA00CB2A67 /* CommunallyTests.xctest */ = {isa = PBXFileReference; explicitFileType = wrapper.cfbundle; includeInIndex = 0; path = CommunallyTests.xctest; sourceTree = BUILT_PRODUCTS_DIR; };
		04FECFE62E8F78DA00CB2A67 /* CommunallyUITests.xctest */ = {isa = PBXFileReference; explicitFileType = wrapper.cfbundle; includeInIndex = 0; path = CommunallyUITests.xctest; sourceTree = BUILT_PRODUCTS_DIR; };
/* End PBXFileReference section */

/* Begin PBXFileSystemSynchronizedBuildFileExceptionSet section */
		04FED01D2E8F811300CB2A67 /* Exceptions for "Communally" folder in "Communally" target */ = {
			isa = PBXFileSystemSynchronizedBuildFileExceptionSet;
			membershipExceptions = (
				Info.plist,
			);
			target = 04FECFCD2E8F78D800CB2A67 /* Communally */;
		};
/* End PBXFileSystemSynchronizedBuildFileExceptionSet section */

/* Begin PBXFileSystemSynchronizedRootGroup section */
		04FECFD02E8F78D800CB2A67 /* Communally */ = {
			isa = PBXFileSystemSynchronizedRootGroup;
			exceptions = (
				04FED01D2E8F811300CB2A67 /* Exceptions for "Communally" folder in "Communally" target */,
			);
			path = Communally;
			sourceTree = "<group>";
		};
		04FECFDF2E8F78DA00CB2A67 /* CommunallyTests */ = {
			isa = PBXFileSystemSynchronizedRootGroup;
			path = CommunallyTests;
			sourceTree = "<group>";
		};
		04FECFE92E8F78DA00CB2A67 /* CommunallyUITests */ = {
			isa = PBXFileSystemSynchronizedRootGroup;
			path = CommunallyUITests;
			sourceTree = "<group>";
		};
/* End PBXFileSystemSynchronizedRootGroup section */

/* Begin PBXFrameworksBuildPhase section */
		04FECFCB2E8F78D800CB2A67 /* Frameworks */ = {
			isa = PBXFrameworksBuildPhase;
			buildActionMask = 2147483647;
			files = (
				75C4853F2ED77FA800C51D65 /* GoogleSignIn in Frameworks */,
				75C4853C2ED77F5900C51D65 /* FirebaseFirestore in Frameworks */,
				75C485422ED77FDF00C51D65 /* MessageKit in Frameworks */,
				75C4853A2ED77F5900C51D65 /* FirebaseCore in Frameworks */,
				7EEBB51B2F232EA100FE86EC /* StripePaymentSheet in Frameworks */,
				75C485382ED77F5900C51D65 /* FirebaseAuth in Frameworks */,
				A9F2E0042ED77F5900C51D02 /* FirebaseStorage in Frameworks */,
				7EEBB51D2F232EA100FE86EC /* StripePayments in Frameworks */,
				7EEBB5192F232EA100FE86EC /* Stripe in Frameworks */,
				DD27F99E2FBAE187009D737E /* FirebaseCrashlytics in Frameworks */,
				7E10B1702F9FDD0700E9FB48 /* FirebaseMessaging in Frameworks */,
				8F10AA012F232EA100FE86EC /* StripeIdentity in Frameworks */,
			);
			runOnlyForDeploymentPostprocessing = 0;
		};
		04FECFD92E8F78DA00CB2A67 /* Frameworks */ = {
			isa = PBXFrameworksBuildPhase;
			buildActionMask = 2147483647;
			files = (
			);
			runOnlyForDeploymentPostprocessing = 0;
		};
		04FECFE32E8F78DA00CB2A67 /* Frameworks */ = {
			isa = PBXFrameworksBuildPhase;
			buildActionMask = 2147483647;
			files = (
			);
			runOnlyForDeploymentPostprocessing = 0;
		};
/* End PBXFrameworksBuildPhase section */

/* Begin PBXGroup section */
		04FECFC52E8F78D800CB2A67 = {
			isa = PBXGroup;
			children = (
				04FECFD02E8F78D800CB2A67 /* Communally */,
				04FECFDF2E8F78DA00CB2A67 /* CommunallyTests */,
				04FECFE92E8F78DA00CB2A67 /* CommunallyUITests */,
				7E10B16E2F9FDD0700E9FB48 /* Frameworks */,
				04FECFCF2E8F78D800CB2A67 /* Products */,
			);
			sourceTree = "<group>";
		};
		04FECFCF2E8F78D800CB2A67 /* Products */ = {
			isa = PBXGroup;
			children = (
				04FECFCE2E8F78D800CB2A67 /* Communally.app */,
				04FECFDC2E8F78DA00CB2A67 /* CommunallyTests.xctest */,
				04FECFE62E8F78DA00CB2A67 /* CommunallyUITests.xctest */,
			);
			name = Products;
			sourceTree = "<group>";
		};
		7E10B16E2F9FDD0700E9FB48 /* Frameworks */ = {
			isa = PBXGroup;
			children = (
			);
			name = Frameworks;
			sourceTree = "<group>";
		};
/* End PBXGroup section */

/* Begin PBXNativeTarget section */
		04FECFCD2E8F78D800CB2A67 /* Communally */ = {
			isa = PBXNativeTarget;
			buildConfigurationList = 04FECFF02E8F78DA00CB2A67 /* Build configuration list for PBXNativeTarget "Communally" */;
			buildPhases = (
				04FECFCA2E8F78D800CB2A67 /* Sources */,
				04FECFCB2E8F78D800CB2A67 /* Frameworks */,
				04FECFCC2E8F78D800CB2A67 /* Resources */,
			);
			buildRules = (
			);
			dependencies = (
			);
			fileSystemSynchronizedGroups = (
				04FECFD02E8F78D800CB2A67 /* Communally */,
			);
			name = Communally;
			packageProductDependencies = (
				75C485372ED77F5900C51D65 /* FirebaseAuth */,
				75C485392ED77F5900C51D65 /* FirebaseCore */,
				75C4853B2ED77F5900C51D65 /* FirebaseFirestore */,
				A9F2E0032ED77F5900C51D02 /* FirebaseStorage */,
				75C4853E2ED77FA800C51D65 /* GoogleSignIn */,
				75C485412ED77FDF00C51D65 /* MessageKit */,
				7EEBB5182F232EA100FE86EC /* Stripe */,
				7EEBB51A2F232EA100FE86EC /* StripePaymentSheet */,
				7EEBB51C2F232EA100FE86EC /* StripePayments */,
				8F10AA002F232EA100FE86EC /* StripeIdentity */,
				7E10B16F2F9FDD0700E9FB48 /* FirebaseMessaging */,
				DD27F99D2FBAE187009D737E /* FirebaseCrashlytics */,
			);
			productName = Communally;
			productReference = 04FECFCE2E8F78D800CB2A67 /* Communally.app */;
			productType = "com.apple.product-type.application";
		};
		04FECFDB2E8F78DA00CB2A67 /* CommunallyTests */ = {
			isa = PBXNativeTarget;
			buildConfigurationList = 04FECFF32E8F78DA00CB2A67 /* Build configuration list for PBXNativeTarget "CommunallyTests" */;
			buildPhases = (
				04FECFD82E8F78DA00CB2A67 /* Sources */,
				04FECFD92E8F78DA00CB2A67 /* Frameworks */,
				04FECFDA2E8F78DA00CB2A67 /* Resources */,
			);
			buildRules = (
			);
			dependencies = (
				04FECFDE2E8F78DA00CB2A67 /* PBXTargetDependency */,
			);
			fileSystemSynchronizedGroups = (
				04FECFDF2E8F78DA00CB2A67 /* CommunallyTests */,
			);
			name = CommunallyTests;
			packageProductDependencies = (
			);
			productName = CommunallyTests;
			productReference = 04FECFDC2E8F78DA00CB2A67 /* CommunallyTests.xctest */;
			productType = "com.apple.product-type.bundle.unit-test";
		};
		04FECFE52E8F78DA00CB2A67 /* CommunallyUITests */ = {
			isa = PBXNativeTarget;
			buildConfigurationList = 04FECFF62E8F78DA00CB2A67 /* Build configuration list for PBXNativeTarget "CommunallyUITests" */;
			buildPhases = (
				04FECFE22E8F78DA00CB2A67 /* Sources */,
				04FECFE32E8F78DA00CB2A67 /* Frameworks */,
				04FECFE42E8F78DA00CB2A67 /* Resources */,
			);
			buildRules = (
			);
			dependencies = (
				04FECFE82E8F78DA00CB2A67 /* PBXTargetDependency */,
			);
			fileSystemSynchronizedGroups = (
				04FECFE92E8F78DA00CB2A67 /* CommunallyUITests */,
			);
			name = CommunallyUITests;
			packageProductDependencies = (
			);
			productName = CommunallyUITests;
			productReference = 04FECFE62E8F78DA00CB2A67 /* CommunallyUITests.xctest */;
			productType = "com.apple.product-type.bundle.ui-testing";
		};
/* End PBXNativeTarget section */

/* Begin PBXProject section */
		04FECFC62E8F78D800CB2A67 /* Project object */ = {
			isa = PBXProject;
			attributes = {
				BuildIndependentTargetsInParallel = 1;
				LastSwiftUpdateCheck = 1640;
				LastUpgradeCheck = 2610;
				TargetAttributes = {
					04FECFCD2E8F78D800CB2A67 = {
						CreatedOnToolsVersion = 16.4;
					};
					04FECFDB2E8F78DA00CB2A67 = {
						CreatedOnToolsVersion = 16.4;
						TestTargetID = 04FECFCD2E8F78D800CB2A67;
					};
					04FECFE52E8F78DA00CB2A67 = {
						CreatedOnToolsVersion = 16.4;
						TestTargetID = 04FECFCD2E8F78D800CB2A67;
					};
				};
			};
			buildConfigurationList = 04FECFC92E8F78D800CB2A67 /* Build configuration list for PBXProject "Communally" */;
			developmentRegion = en;
			hasScannedForEncodings = 0;
			knownRegions = (
				en,
				Base,
			);
			mainGroup = 04FECFC52E8F78D800CB2A67;
			minimizedProjectReferenceProxies = 1;
			packageReferences = (
				75C485362ED77F5900C51D65 /* XCRemoteSwiftPackageReference "firebase-ios-sdk" */,
				75C4853D2ED77FA800C51D65 /* XCRemoteSwiftPackageReference "GoogleSignIn-iOS" */,
				75C485402ED77FDF00C51D65 /* XCRemoteSwiftPackageReference "MessageKit" */,
				7EEBB5172F232EA100FE86EC /* XCRemoteSwiftPackageReference "stripe-ios" */,
			);
			preferredProjectObjectVersion = 77;
			productRefGroup = 04FECFCF2E8F78D800CB2A67 /* Products */;
			projectDirPath = "";
			projectRoot = "";
			targets = (
				04FECFCD2E8F78D800CB2A67 /* Communally */,
				04FECFDB2E8F78DA00CB2A67 /* CommunallyTests */,
				04FECFE52E8F78DA00CB2A67 /* CommunallyUITests */,
			);
		};
/* End PBXProject section */

/* Begin PBXResourcesBuildPhase section */
		04FECFCC2E8F78D800CB2A67 /* Resources */ = {
			isa = PBXResourcesBuildPhase;
			buildActionMask = 2147483647;
			files = (
			);
			runOnlyForDeploymentPostprocessing = 0;
		};
		04FECFDA2E8F78DA00CB2A67 /* Resources */ = {
			isa = PBXResourcesBuildPhase;
			buildActionMask = 2147483647;
			files = (
			);
			runOnlyForDeploymentPostprocessing = 0;
		};
		04FECFE42E8F78DA00CB2A67 /* Resources */ = {
			isa = PBXResourcesBuildPhase;
			buildActionMask = 2147483647;
			files = (
			);
			runOnlyForDeploymentPostprocessing = 0;
		};
/* End PBXResourcesBuildPhase section */

/* Begin PBXSourcesBuildPhase section */
		04FECFCA2E8F78D800CB2A67 /* Sources */ = {
			isa = PBXSourcesBuildPhase;
			buildActionMask = 2147483647;
			files = (
			);
			runOnlyForDeploymentPostprocessing = 0;
		};
		04FECFD82E8F78DA00CB2A67 /* Sources */ = {
			isa = PBXSourcesBuildPhase;
			buildActionMask = 2147483647;
			files = (
			);
			runOnlyForDeploymentPostprocessing = 0;
		};
		04FECFE22E8F78DA00CB2A67 /* Sources */ = {
			isa = PBXSourcesBuildPhase;
			buildActionMask = 2147483647;
			files = (
			);
			runOnlyForDeploymentPostprocessing = 0;
		};
/* End PBXSourcesBuildPhase section */

/* Begin PBXTargetDependency section */
		04FECFDE2E8F78DA00CB2A67 /* PBXTargetDependency */ = {
			isa = PBXTargetDependency;
			target = 04FECFCD2E8F78D800CB2A67 /* Communally */;
			targetProxy = 04FECFDD2E8F78DA00CB2A67 /* PBXContainerItemProxy */;
		};
		04FECFE82E8F78DA00CB2A67 /* PBXTargetDependency */ = {
			isa = PBXTargetDependency;
			target = 04FECFCD2E8F78D800CB2A67 /* Communally */;
			targetProxy = 04FECFE72E8F78DA00CB2A67 /* PBXContainerItemProxy */;
		};
/* End PBXTargetDependency section */

/* Begin XCBuildConfiguration section */
		04FECFEE2E8F78DA00CB2A67 /* Debug */ = {
			isa = XCBuildConfiguration;
			buildSettings = {
				ALWAYS_SEARCH_USER_PATHS = NO;
				ASSETCATALOG_COMPILER_GENERATE_SWIFT_ASSET_SYMBOL_EXTENSIONS = YES;
				CLANG_ANALYZER_NONNULL = YES;
				CLANG_ANALYZER_NUMBER_OBJECT_CONVERSION = YES_AGGRESSIVE;
				CLANG_CXX_LANGUAGE_STANDARD = "gnu++20";
				CLANG_ENABLE_MODULES = YES;
				CLANG_ENABLE_OBJC_ARC = YES;
				CLANG_ENABLE_OBJC_WEAK = YES;
				CLANG_WARN_BLOCK_CAPTURE_AUTORELEASING = YES;
				CLANG_WARN_BOOL_CONVERSION = YES;
				CLANG_WARN_COMMA = YES;
				CLANG_WARN_CONSTANT_CONVERSION = YES;
				CLANG_WARN_DEPRECATED_OBJC_IMPLEMENTATIONS = YES;
				CLANG_WARN_DIRECT_OBJC_ISA_USAGE = YES_ERROR;
				CLANG_WARN_DOCUMENTATION_COMMENTS = YES;
				CLANG_WARN_EMPTY_BODY = YES;
				CLANG_WARN_ENUM_CONVERSION = YES;
				CLANG_WARN_INFINITE_RECURSION = YES;
				CLANG_WARN_INT_CONVERSION = YES;
				CLANG_WARN_NON_LITERAL_NULL_CONVERSION = YES;
				CLANG_WARN_OBJC_IMPLICIT_RETAIN_SELF = YES;
				CLANG_WARN_OBJC_LITERAL_CONVERSION = YES;
				CLANG_WARN_OBJC_ROOT_CLASS = YES_ERROR;
				CLANG_WARN_QUOTED_INCLUDE_IN_FRAMEWORK_HEADER = YES;
				CLANG_WARN_RANGE_LOOP_ANALYSIS = YES;
				CLANG_WARN_STRICT_PROTOTYPES = YES;
				CLANG_WARN_SUSPICIOUS_MOVE = YES;
				CLANG_WARN_UNGUARDED_AVAILABILITY = YES_AGGRESSIVE;
				CLANG_WARN_UNREACHABLE_CODE = YES;
				CLANG_WARN__DUPLICATE_METHOD_MATCH = YES;
				COPY_PHASE_STRIP = NO;
				DEAD_CODE_STRIPPING = YES;
				DEBUG_INFORMATION_FORMAT = dwarf;
				DEVELOPMENT_TEAM = WPSM2LPFFH;
				ENABLE_STRICT_OBJC_MSGSEND = YES;
				ENABLE_TESTABILITY = YES;
				ENABLE_USER_SCRIPT_SANDBOXING = YES;
				GCC_C_LANGUAGE_STANDARD = gnu17;
				GCC_DYNAMIC_NO_PIC = NO;
				GCC_NO_COMMON_BLOCKS = YES;
				GCC_OPTIMIZATION_LEVEL = 0;
				GCC_PREPROCESSOR_DEFINITIONS = (
					"DEBUG=1",
					"$(inherited)",
				);
				GCC_WARN_64_TO_32_BIT_CONVERSION = YES;
				GCC_WARN_ABOUT_RETURN_TYPE = YES_ERROR;
				GCC_WARN_UNDECLARED_SELECTOR = YES;
				GCC_WARN_UNINITIALIZED_AUTOS = YES_AGGRESSIVE;
				GCC_WARN_UNUSED_FUNCTION = YES;
				GCC_WARN_UNUSED_VARIABLE = YES;
				LOCALIZATION_PREFERS_STRING_CATALOGS = YES;
				MTL_ENABLE_DEBUG_INFO = INCLUDE_SOURCE;
				MTL_FAST_MATH = YES;
				ONLY_ACTIVE_ARCH = YES;
				STRING_CATALOG_GENERATE_SYMBOLS = YES;
				SWIFT_ACTIVE_COMPILATION_CONDITIONS = "DEBUG $(inherited)";
				SWIFT_OPTIMIZATION_LEVEL = "-Onone";
			};
			name = Debug;
		};
		04FECFEF2E8F78DA00CB2A67 /* Release */ = {
			isa = XCBuildConfiguration;
			buildSettings = {
				ALWAYS_SEARCH_USER_PATHS = NO;
				ASSETCATALOG_COMPILER_GENERATE_SWIFT_ASSET_SYMBOL_EXTENSIONS = YES;
				CLANG_ANALYZER_NONNULL = YES;
				CLANG_ANALYZER_NUMBER_OBJECT_CONVERSION = YES_AGGRESSIVE;
				CLANG_CXX_LANGUAGE_STANDARD = "gnu++20";
				CLANG_ENABLE_MODULES = YES;
				CLANG_ENABLE_OBJC_ARC = YES;
				CLANG_ENABLE_OBJC_WEAK = YES;
				CLANG_WARN_BLOCK_CAPTURE_AUTORELEASING = YES;
				CLANG_WARN_BOOL_CONVERSION = YES;
				CLANG_WARN_COMMA = YES;
				CLANG_WARN_CONSTANT_CONVERSION = YES;
				CLANG_WARN_DEPRECATED_OBJC_IMPLEMENTATIONS = YES;
				CLANG_WARN_DIRECT_OBJC_ISA_USAGE = YES_ERROR;
				CLANG_WARN_DOCUMENTATION_COMMENTS = YES;
				CLANG_WARN_EMPTY_BODY = YES;
				CLANG_WARN_ENUM_CONVERSION = YES;
				CLANG_WARN_INFINITE_RECURSION = YES;
				CLANG_WARN_INT_CONVERSION = YES;
				CLANG_WARN_NON_LITERAL_NULL_CONVERSION = YES;
				CLANG_WARN_OBJC_IMPLICIT_RETAIN_SELF = YES;
				CLANG_WARN_OBJC_LITERAL_CONVERSION = YES;
				CLANG_WARN_OBJC_ROOT_CLASS = YES_ERROR;
				CLANG_WARN_QUOTED_INCLUDE_IN_FRAMEWORK_HEADER = YES;
				CLANG_WARN_RANGE_LOOP_ANALYSIS = YES;
				CLANG_WARN_STRICT_PROTOTYPES = YES;
				CLANG_WARN_SUSPICIOUS_MOVE = YES;
				CLANG_WARN_UNGUARDED_AVAILABILITY = YES_AGGRESSIVE;
				CLANG_WARN_UNREACHABLE_CODE = YES;
				CLANG_WARN__DUPLICATE_METHOD_MATCH = YES;
				COPY_PHASE_STRIP = NO;
				DEAD_CODE_STRIPPING = YES;
				DEBUG_INFORMATION_FORMAT = "dwarf-with-dsym";
				DEVELOPMENT_TEAM = WPSM2LPFFH;
				ENABLE_NS_ASSERTIONS = NO;
				ENABLE_STRICT_OBJC_MSGSEND = YES;
				ENABLE_USER_SCRIPT_SANDBOXING = YES;
				GCC_C_LANGUAGE_STANDARD = gnu17;
				GCC_NO_COMMON_BLOCKS = YES;
				GCC_WARN_64_TO_32_BIT_CONVERSION = YES;
				GCC_WARN_ABOUT_RETURN_TYPE = YES_ERROR;
				GCC_WARN_UNDECLARED_SELECTOR = YES;
				GCC_WARN_UNINITIALIZED_AUTOS = YES_AGGRESSIVE;
				GCC_WARN_UNUSED_FUNCTION = YES;
				GCC_WARN_UNUSED_VARIABLE = YES;
				LOCALIZATION_PREFERS_STRING_CATALOGS = YES;
				MTL_ENABLE_DEBUG_INFO = NO;
				MTL_FAST_MATH = YES;
				STRING_CATALOG_GENERATE_SYMBOLS = YES;
				SWIFT_COMPILATION_MODE = wholemodule;
			};
			name = Release;
		};
		04FECFF12E8F78DA00CB2A67 /* Debug */ = {
			isa = XCBuildConfiguration;
			buildSettings = {
				ASSETCATALOG_COMPILER_APPICON_NAME = AppIcon;
				ASSETCATALOG_COMPILER_GLOBAL_ACCENT_COLOR_NAME = AccentColor;
				CODE_SIGN_ENTITLEMENTS = Communally/CommunallyDebug.entitlements;
				CODE_SIGN_STYLE = Automatic;
				CURRENT_PROJECT_VERSION = 14;
				DEAD_CODE_STRIPPING = YES;
				DEVELOPMENT_TEAM = 994ZFPP989;
				ENABLE_APP_SANDBOX = YES;
				ENABLE_HARDENED_RUNTIME = YES;
				ENABLE_PREVIEWS = YES;
				ENABLE_USER_SELECTED_FILES = readonly;
				GENERATE_INFOPLIST_FILE = YES;
				INFOPLIST_FILE = Communally/Info.plist;
				INFOPLIST_KEY_LSApplicationCategoryType = "public.app-category.business";
				INFOPLIST_KEY_NSLocationAlwaysAndWhenInUseUsageDescription = "Communally needs access to your location to show you nearby opportunities and help you connect with local communities.";
				INFOPLIST_KEY_NSLocationWhenInUseUsageDescription = "Communally needs access to your location to show you nearby opportunities and help you connect with local communities.";
				"INFOPLIST_KEY_UIApplicationSceneManifest_Generation[sdk=iphoneos*]" = YES;
				"INFOPLIST_KEY_UIApplicationSceneManifest_Generation[sdk=iphonesimulator*]" = YES;
				"INFOPLIST_KEY_UIApplicationSupportsIndirectInputEvents[sdk=iphoneos*]" = YES;
				"INFOPLIST_KEY_UIApplicationSupportsIndirectInputEvents[sdk=iphonesimulator*]" = YES;
				"INFOPLIST_KEY_UILaunchScreen_Generation[sdk=iphoneos*]" = YES;
				"INFOPLIST_KEY_UILaunchScreen_Generation[sdk=iphonesimulator*]" = YES;
				INFOPLIST_KEY_UILaunchStoryboardName = "";
				"INFOPLIST_KEY_UIStatusBarStyle[sdk=iphoneos*]" = UIStatusBarStyleDefault;
				"INFOPLIST_KEY_UIStatusBarStyle[sdk=iphonesimulator*]" = UIStatusBarStyleDefault;
				INFOPLIST_KEY_UISupportedInterfaceOrientations_iPad = "UIInterfaceOrientationPortrait UIInterfaceOrientationPortraitUpsideDown UIInterfaceOrientationLandscapeLeft UIInterfaceOrientationLandscapeRight";
				INFOPLIST_KEY_UISupportedInterfaceOrientations_iPhone = "UIInterfaceOrientationPortrait UIInterfaceOrientationLandscapeLeft UIInterfaceOrientationLandscapeRight";
				IPHONEOS_DEPLOYMENT_TARGET = 17.6;
				LD_RUNPATH_SEARCH_PATHS = "@executable_path/Frameworks";
				"LD_RUNPATH_SEARCH_PATHS[sdk=macosx*]" = "@executable_path/../Frameworks";
				MACOSX_DEPLOYMENT_TARGET = 15.5;
				MARKETING_VERSION = 1.0;
				PRODUCT_BUNDLE_IDENTIFIER = shaurlabs.Communally;
				PRODUCT_NAME = "$(TARGET_NAME)";
				REGISTER_APP_GROUPS = YES;
				SDKROOT = auto;
				SUPPORTED_PLATFORMS = "iphoneos iphonesimulator macosx xros xrsimulator";
				SWIFT_EMIT_LOC_STRINGS = YES;
				SWIFT_VERSION = 5.0;
				TARGETED_DEVICE_FAMILY = "1,2,7";
				XROS_DEPLOYMENT_TARGET = 2.5;
			};
			name = Debug;
		};
		04FECFF22E8F78DA00CB2A67 /* Release */ = {
			isa = XCBuildConfiguration;
			buildSettings = {
				ASSETCATALOG_COMPILER_APPICON_NAME = AppIcon;
				ASSETCATALOG_COMPILER_GLOBAL_ACCENT_COLOR_NAME = AccentColor;
				CODE_SIGN_ENTITLEMENTS = Communally/Communally.entitlements;
				CODE_SIGN_STYLE = Automatic;
				CURRENT_PROJECT_VERSION = 14;
				DEAD_CODE_STRIPPING = YES;
				DEVELOPMENT_TEAM = 994ZFPP989;
				ENABLE_APP_SANDBOX = YES;
				ENABLE_HARDENED_RUNTIME = YES;
				ENABLE_PREVIEWS = YES;
				ENABLE_USER_SELECTED_FILES = readonly;
				GENERATE_INFOPLIST_FILE = YES;
				INFOPLIST_FILE = Communally/Info.plist;
				INFOPLIST_KEY_LSApplicationCategoryType = "public.app-category.business";
				INFOPLIST_KEY_NSLocationAlwaysAndWhenInUseUsageDescription = "Communally needs access to your location to show you nearby opportunities and help you connect with local communities.";
				INFOPLIST_KEY_NSLocationWhenInUseUsageDescription = "Communally needs access to your location to show you nearby opportunities and help you connect with local communities.";
				"INFOPLIST_KEY_UIApplicationSceneManifest_Generation[sdk=iphoneos*]" = YES;
				"INFOPLIST_KEY_UIApplicationSceneManifest_Generation[sdk=iphonesimulator*]" = YES;
				"INFOPLIST_KEY_UIApplicationSupportsIndirectInputEvents[sdk=iphoneos*]" = YES;
				"INFOPLIST_KEY_UIApplicationSupportsIndirectInputEvents[sdk=iphonesimulator*]" = YES;
				"INFOPLIST_KEY_UILaunchScreen_Generation[sdk=iphoneos*]" = YES;
				"INFOPLIST_KEY_UILaunchScreen_Generation[sdk=iphonesimulator*]" = YES;
				INFOPLIST_KEY_UILaunchStoryboardName = "";
				"INFOPLIST_KEY_UIStatusBarStyle[sdk=iphoneos*]" = UIStatusBarStyleDefault;
				"INFOPLIST_KEY_UIStatusBarStyle[sdk=iphonesimulator*]" = UIStatusBarStyleDefault;
				INFOPLIST_KEY_UISupportedInterfaceOrientations_iPad = "UIInterfaceOrientationPortrait UIInterfaceOrientationPortraitUpsideDown UIInterfaceOrientationLandscapeLeft UIInterfaceOrientationLandscapeRight";
				INFOPLIST_KEY_UISupportedInterfaceOrientations_iPhone = "UIInterfaceOrientationPortrait UIInterfaceOrientationLandscapeLeft UIInterfaceOrientationLandscapeRight";
				IPHONEOS_DEPLOYMENT_TARGET = 17.6;
				LD_RUNPATH_SEARCH_PATHS = "@executable_path/Frameworks";
				"LD_RUNPATH_SEARCH_PATHS[sdk=macosx*]" = "@executable_path/../Frameworks";
				MACOSX_DEPLOYMENT_TARGET = 15.5;
				MARKETING_VERSION = 1.0;
				PRODUCT_BUNDLE_IDENTIFIER = shaurlabs.Communally;
				PRODUCT_NAME = "$(TARGET_NAME)";
				REGISTER_APP_GROUPS = YES;
				SDKROOT = auto;
				SUPPORTED_PLATFORMS = "iphoneos iphonesimulator macosx xros xrsimulator";
				SWIFT_EMIT_LOC_STRINGS = YES;
				SWIFT_VERSION = 5.0;
				TARGETED_DEVICE_FAMILY = "1,2,7";
				XROS_DEPLOYMENT_TARGET = 2.5;
			};
			name = Release;
		};
		04FECFF42E8F78DA00CB2A67 /* Debug */ = {
			isa = XCBuildConfiguration;
			buildSettings = {
				BUNDLE_LOADER = "$(TEST_HOST)";
				CODE_SIGN_STYLE = Automatic;
				CURRENT_PROJECT_VERSION = 1;
				DEAD_CODE_STRIPPING = YES;
				DEVELOPMENT_TEAM = WPSM2LPFFH;
				GENERATE_INFOPLIST_FILE = YES;
				IPHONEOS_DEPLOYMENT_TARGET = 18.5;
				MACOSX_DEPLOYMENT_TARGET = 15.5;
				MARKETING_VERSION = 1.0;
				PRODUCT_BUNDLE_IDENTIFIER = com.arnavmehta.communallyTests;
				PRODUCT_NAME = "$(TARGET_NAME)";
				SDKROOT = auto;
				SUPPORTED_PLATFORMS = "iphoneos iphonesimulator macosx xros xrsimulator";
				SWIFT_EMIT_LOC_STRINGS = NO;
				SWIFT_VERSION = 5.0;
				TARGETED_DEVICE_FAMILY = "1,2,7";
				TEST_HOST = "$(BUILT_PRODUCTS_DIR)/Communally.app/$(BUNDLE_EXECUTABLE_FOLDER_PATH)/Communally";
				XROS_DEPLOYMENT_TARGET = 2.5;
			};
			name = Debug;
		};
		04FECFF52E8F78DA00CB2A67 /* Release */ = {
			isa = XCBuildConfiguration;
			buildSettings = {
				BUNDLE_LOADER = "$(TEST_HOST)";
				CODE_SIGN_STYLE = Automatic;
				CURRENT_PROJECT_VERSION = 1;
				DEAD_CODE_STRIPPING = YES;
				DEVELOPMENT_TEAM = WPSM2LPFFH;
				GENERATE_INFOPLIST_FILE = YES;
				IPHONEOS_DEPLOYMENT_TARGET = 18.5;
				MACOSX_DEPLOYMENT_TARGET = 15.5;
				MARKETING_VERSION = 1.0;
				PRODUCT_BUNDLE_IDENTIFIER = com.arnavmehta.communallyTests;
				PRODUCT_NAME = "$(TARGET_NAME)";
				SDKROOT = auto;
				SUPPORTED_PLATFORMS = "iphoneos iphonesimulator macosx xros xrsimulator";
				SWIFT_EMIT_LOC_STRINGS = NO;
				SWIFT_VERSION = 5.0;
				TARGETED_DEVICE_FAMILY = "1,2,7";
				TEST_HOST = "$(BUILT_PRODUCTS_DIR)/Communally.app/$(BUNDLE_EXECUTABLE_FOLDER_PATH)/Communally";
				XROS_DEPLOYMENT_TARGET = 2.5;
			};
			name = Release;
		};
		04FECFF72E8F78DA00CB2A67 /* Debug */ = {
			isa = XCBuildConfiguration;
			buildSettings = {
				CODE_SIGN_STYLE = Automatic;
				CURRENT_PROJECT_VERSION = 1;
				DEAD_CODE_STRIPPING = YES;
				DEVELOPMENT_TEAM = WPSM2LPFFH;
				GENERATE_INFOPLIST_FILE = YES;
				IPHONEOS_DEPLOYMENT_TARGET = 18.5;
				MACOSX_DEPLOYMENT_TARGET = 15.5;
				MARKETING_VERSION = 1.0;
				PRODUCT_BUNDLE_IDENTIFIER = com.arnavmehta.communallyUITests;
				PRODUCT_NAME = "$(TARGET_NAME)";
				SDKROOT = auto;
				SUPPORTED_PLATFORMS = "iphoneos iphonesimulator macosx xros xrsimulator";
				SWIFT_EMIT_LOC_STRINGS = NO;
				SWIFT_VERSION = 5.0;
				TARGETED_DEVICE_FAMILY = "1,2,7";
				TEST_TARGET_NAME = Communally;
				XROS_DEPLOYMENT_TARGET = 2.5;
			};
			name = Debug;
		};
		04FECFF82E8F78DA00CB2A67 /* Release */ = {
			isa = XCBuildConfiguration;
			buildSettings = {
				CODE_SIGN_STYLE = Automatic;
				CURRENT_PROJECT_VERSION = 1;
				DEAD_CODE_STRIPPING = YES;
				DEVELOPMENT_TEAM = WPSM2LPFFH;
				GENERATE_INFOPLIST_FILE = YES;
				IPHONEOS_DEPLOYMENT_TARGET = 18.5;
				MACOSX_DEPLOYMENT_TARGET = 15.5;
				MARKETING_VERSION = 1.0;
				PRODUCT_BUNDLE_IDENTIFIER = com.arnavmehta.communallyUITests;
				PRODUCT_NAME = "$(TARGET_NAME)";
				SDKROOT = auto;
				SUPPORTED_PLATFORMS = "iphoneos iphonesimulator macosx xros xrsimulator";
				SWIFT_EMIT_LOC_STRINGS = NO;
				SWIFT_VERSION = 5.0;
				TARGETED_DEVICE_FAMILY = "1,2,7";
				TEST_TARGET_NAME = Communally;
				XROS_DEPLOYMENT_TARGET = 2.5;
			};
			name = Release;
		};
/* End XCBuildConfiguration section */

/* Begin XCConfigurationList section */
		04FECFC92E8F78D800CB2A67 /* Build configuration list for PBXProject "Communally" */ = {
			isa = XCConfigurationList;
			buildConfigurations = (
				04FECFEE2E8F78DA00CB2A67 /* Debug */,
				04FECFEF2E8F78DA00CB2A67 /* Release */,
			);
			defaultConfigurationIsVisible = 0;
			defaultConfigurationName = Release;
		};
		04FECFF02E8F78DA00CB2A67 /* Build configuration list for PBXNativeTarget "Communally" */ = {
			isa = XCConfigurationList;
			buildConfigurations = (
				04FECFF12E8F78DA00CB2A67 /* Debug */,
				04FECFF22E8F78DA00CB2A67 /* Release */,
			);
			defaultConfigurationIsVisible = 0;
			defaultConfigurationName = Release;
		};
		04FECFF32E8F78DA00CB2A67 /* Build configuration list for PBXNativeTarget "CommunallyTests" */ = {
			isa = XCConfigurationList;
			buildConfigurations = (
				04FECFF42E8F78DA00CB2A67 /* Debug */,
				04FECFF52E8F78DA00CB2A67 /* Release */,
			);
			defaultConfigurationIsVisible = 0;
			defaultConfigurationName = Release;
		};
		04FECFF62E8F78DA00CB2A67 /* Build configuration list for PBXNativeTarget "CommunallyUITests" */ = {
			isa = XCConfigurationList;
			buildConfigurations = (
				04FECFF72E8F78DA00CB2A67 /* Debug */,
				04FECFF82E8F78DA00CB2A67 /* Release */,
			);
			defaultConfigurationIsVisible = 0;
			defaultConfigurationName = Release;
		};
/* End XCConfigurationList section */

/* Begin XCRemoteSwiftPackageReference section */
		75C485362ED77F5900C51D65 /* XCRemoteSwiftPackageReference "firebase-ios-sdk" */ = {
			isa = XCRemoteSwiftPackageReference;
			repositoryURL = "https://github.com/firebase/firebase-ios-sdk";
			requirement = {
				kind = upToNextMajorVersion;
				minimumVersion = 12.6.0;
			};
		};
		75C4853D2ED77FA800C51D65 /* XCRemoteSwiftPackageReference "GoogleSignIn-iOS" */ = {
			isa = XCRemoteSwiftPackageReference;
			repositoryURL = "https://github.com/google/GoogleSignIn-iOS";
			requirement = {
				kind = upToNextMajorVersion;
				minimumVersion = 9.0.0;
			};
		};
		75C485402ED77FDF00C51D65 /* XCRemoteSwiftPackageReference "MessageKit" */ = {
			isa = XCRemoteSwiftPackageReference;
			repositoryURL = "https://github.com/MessageKit/MessageKit";
			requirement = {
				kind = upToNextMajorVersion;
				minimumVersion = 5.0.0;
			};
		};
		7EEBB5172F232EA100FE86EC /* XCRemoteSwiftPackageReference "stripe-ios" */ = {
			isa = XCRemoteSwiftPackageReference;
			repositoryURL = "https://github.com/stripe/stripe-ios";
			requirement = {
				kind = upToNextMajorVersion;
				minimumVersion = 25.5.0;
			};
		};
/* End XCRemoteSwiftPackageReference section */

/* Begin XCSwiftPackageProductDependency section */
		75C485372ED77F5900C51D65 /* FirebaseAuth */ = {
			isa = XCSwiftPackageProductDependency;
			package = 75C485362ED77F5900C51D65 /* XCRemoteSwiftPackageReference "firebase-ios-sdk" */;
			productName = FirebaseAuth;
		};
		75C485392ED77F5900C51D65 /* FirebaseCore */ = {
			isa = XCSwiftPackageProductDependency;
			package = 75C485362ED77F5900C51D65 /* XCRemoteSwiftPackageReference "firebase-ios-sdk" */;
			productName = FirebaseCore;
		};
		75C4853B2ED77F5900C51D65 /* FirebaseFirestore */ = {
			isa = XCSwiftPackageProductDependency;
			package = 75C485362ED77F5900C51D65 /* XCRemoteSwiftPackageReference "firebase-ios-sdk" */;
			productName = FirebaseFirestore;
		};
		75C4853E2ED77FA800C51D65 /* GoogleSignIn */ = {
			isa = XCSwiftPackageProductDependency;
			package = 75C4853D2ED77FA800C51D65 /* XCRemoteSwiftPackageReference "GoogleSignIn-iOS" */;
			productName = GoogleSignIn;
		};
		75C485412ED77FDF00C51D65 /* MessageKit */ = {
			isa = XCSwiftPackageProductDependency;
			package = 75C485402ED77FDF00C51D65 /* XCRemoteSwiftPackageReference "MessageKit" */;
			productName = MessageKit;
		};
		7E10B16F2F9FDD0700E9FB48 /* FirebaseMessaging */ = {
			isa = XCSwiftPackageProductDependency;
			package = 75C485362ED77F5900C51D65 /* XCRemoteSwiftPackageReference "firebase-ios-sdk" */;
			productName = FirebaseMessaging;
		};
		7EEBB5182F232EA100FE86EC /* Stripe */ = {
			isa = XCSwiftPackageProductDependency;
			package = 7EEBB5172F232EA100FE86EC /* XCRemoteSwiftPackageReference "stripe-ios" */;
			productName = Stripe;
		};
		7EEBB51A2F232EA100FE86EC /* StripePaymentSheet */ = {
			isa = XCSwiftPackageProductDependency;
			package = 7EEBB5172F232EA100FE86EC /* XCRemoteSwiftPackageReference "stripe-ios" */;
			productName = StripePaymentSheet;
		};
		7EEBB51C2F232EA100FE86EC /* StripePayments */ = {
			isa = XCSwiftPackageProductDependency;
			package = 7EEBB5172F232EA100FE86EC /* XCRemoteSwiftPackageReference "stripe-ios" */;
			productName = StripePayments;
		};
		8F10AA002F232EA100FE86EC /* StripeIdentity */ = {
			isa = XCSwiftPackageProductDependency;
			package = 7EEBB5172F232EA100FE86EC /* XCRemoteSwiftPackageReference "stripe-ios" */;
			productName = StripeIdentity;
		};
		A9F2E0032ED77F5900C51D02 /* FirebaseStorage */ = {
			isa = XCSwiftPackageProductDependency;
			package = 75C485362ED77F5900C51D65 /* XCRemoteSwiftPackageReference "firebase-ios-sdk" */;
			productName = FirebaseStorage;
		};
		DD27F99D2FBAE187009D737E /* FirebaseCrashlytics */ = {
			isa = XCSwiftPackageProductDependency;
			package = 75C485362ED77F5900C51D65 /* XCRemoteSwiftPackageReference "firebase-ios-sdk" */;
			productName = FirebaseCrashlytics;
		};
/* End XCSwiftPackageProductDependency section */
	};
	rootObject = 04FECFC62E8F78D800CB2A67 /* Project object */;
}
